{
    "_readme": [
        "This file locks the dependencies of your project to a known state",
        "Read more about it at https://getcomposer.org/doc/01-basic-usage.md#installing-dependencies",
        "This file is @generated automatically"
    ],
    "content-hash": "caf11a706e06e01269d6b5d20881215b",
    "packages": [
        {
            "name": "kivinus/my-core",
            "version": "dev-main",
            "source": {
                "type": "git",
                "url": "https://github.com/arinaISB/my-core.git",
                "reference": "6c9c59f582afb7e9bac8d0daaf6a567e806e9e25"
            },
            "dist": {
                "type": "zip",
                "url": "https://api.github.com/repos/arinaISB/my-core/zipball/6c9c59f582afb7e9bac8d0daaf6a567e806e9e25",
                "reference": "6c9c59f582afb7e9bac8d0daaf6a567e806e9e25",
                "shasum": ""
            },
            "default-branch": true,
            "type": "library",
            "autoload": {
                "psr-4": {
                    "Kivinus\\MyCore\\": "src/"
                }
            },
            "notification-url": "https://packagist.org/downloads/",
            "support": {
                "issues": "https://github.com/arinaISB/my-core/issues",
                "source": "https://github.com/arinaISB/my-core/tree/main"
            },
            "time": "2024-02-07T12:40:04+00:00"
        }
    ],
    "packages-dev": [],
    "aliases": [],
    "minimum-stability": "stable",
    "stability-flags": {
        "kivinus/my-core": 20
    },
    "prefer-stable": false,
    "prefer-lowest": false,
    "platform": [],
    "platform-dev": [],
    "plugin-api-version": "2.6.0"
}
